# This file is autogenerated, do not edit; changes may be undone by the next 'dep ensure'.


[[projects]]
  digest = "1:a62f6ed230a8cd138a9efbe718e7d0b0294f139266f5f55cd942769a9aac8de2"
  name = "github.com/PuerkitoBio/goquery"
  packages = ["."]
  pruneopts = "UT"
  revision = "dc2ec5c7ca4d9aae063b79b9f581dd3ea6afd2b2"
  version = "v1.4.1"

[[projects]]
  digest = "1:66b3310cf22cdc96c35ef84ede4f7b9b370971c4025f394c89a2638729653b11"
  name = "github.com/andybalholm/cascadia"
  packages = ["."]
  pruneopts = "UT"
  revision = "901648c87902174f774fac311d7f176f8647bdaa"
  version = "v1.0.0"

[[projects]]
  branch = "master"
  digest = "1:b4dbb2022a8051eca4a426659c476e41876451e90bd626e99504dcba1521c135"
  name = "github.com/tharindu96/go-deluge"
  packages = ["."]
  pruneopts = "UT"
  revision = "e265833a32cc9caa784b4b3dbaf7e7f6f6c141cd"

[[projects]]
  branch = "master"
  digest = "1:1d9866d2600e69d241fa21f2d7f9940097868bc0635507cb7a69a9982fa7919c"
  name = "github.com/tharindu96/torrentscraper-go"
  packages = [
    ".",
    "providers",
    "providers/eztvag",
    "providers/zooqlecom",
  ]
  pruneopts = "UT"
  revision = "9a4266fda26afa1af8c73e147c0c56a5ed337de6"

[[projects]]
  branch = "master"
  digest = "1:a367927017e67fb73acff1959106cb512b13fcec1a1f394a4dbf9dfb9a78b5b6"
  name = "golang.org/x/net"
  packages = [
    "html",
    "html/atom",
  ]
  pruneopts = "UT"
  revision = "4dfa2610cdf3b287375bbba5b8f2a14d3b01d8de"

[solve-meta]
  analyzer-name = "dep"
  analyzer-version = 1
  input-imports = [
    "github.com/tharindu96/go-deluge",
    "github.com/tharindu96/torrentscraper-go",
    "github.com/tharindu96/torrentscraper-go/providers",
  ]
  solver-name = "gps-cdcl"
  solver-version = 1
